// !$*UTF8*$!
{
	archiveVersion = 1;
	classes = {
	};
	objectVersion = 46;
	objects = {

/* Begin PBXBuildFile section */
		6B1A38551A75D5A500939A5B /* AppDelegate.swift in Sources */ = {isa = PBXBuildFile; fileRef = 6B1A38541A75D5A500939A5B /* AppDelegate.swift */; };
		6B1A38571A75D5A500939A5B /* ViewController.swift in Sources */ = {isa = PBXBuildFile; fileRef = 6B1A38561A75D5A500939A5B /* ViewController.swift */; };
		6B1A385A1A75D5A500939A5B /* Main.storyboard in Resources */ = {isa = PBXBuildFile; fileRef = 6B1A38581A75D5A500939A5B /* Main.storyboard */; };
		6B1A385C1A75D5A500939A5B /* Images.xcassets in Resources */ = {isa = PBXBuildFile; fileRef = 6B1A385B1A75D5A500939A5B /* Images.xcassets */; };
		6B1A385F1A75D5A500939A5B /* LaunchScreen.xib in Resources */ = {isa = PBXBuildFile; fileRef = 6B1A385D1A75D5A500939A5B /* LaunchScreen.xib */; };
		6B1A386B1A75D5A500939A5B /* SwiftCalculatorTests.swift in Sources */ = {isa = PBXBuildFile; fileRef = 6B1A386A1A75D5A500939A5B /* SwiftCalculatorTests.swift */; };
/* End PBXBuildFile section */

/* Begin PBXContainerItemProxy section */
		6B1A38651A75D5A500939A5B /* PBXContainerItemProxy */ = {
			isa = PBXContainerItemProxy;
			containerPortal = 6B1A38471A75D5A500939A5B /* Project object */;
			proxyType = 1;
			remoteGlobalIDString = 6B1A384E1A75D5A500939A5B;
			remoteInfo = SwiftCalculator;
		};
/* End PBXContainerItemProxy section */

/* Begin PBXFileReference section */
		6B1A384F1A75D5A500939A5B /* SwiftCalculator.app */ = {isa = PBXFileReference; explicitFileType = wrapper.application; includeInIndex = 0; path = SwiftCalculator.app; sourceTree = BUILT_PRODUCTS_DIR; };
		6B1A38531A75D5A500939A5B /* Info.plist */ = {isa = PBXFileReference; lastKnownFileType = text.plist.xml; path = Info.plist; sourceTree = "<group>"; };
		6B1A38541A75D5A500939A5B /* AppDelegate.swift */ = {isa = PBXFileReference; lastKnownFileType = sourcecode.swift; path = AppDelegate.swift; sourceTree = "<group>"; };
		6B1A38561A75D5A500939A5B /* ViewController.swift */ = {isa = PBXFileReference; lastKnownFileType = sourcecode.swift; path = ViewController.swift; sourceTree = "<group>"; };
		6B1A38591A75D5A500939A5B /* Base */ = {isa = PBXFileReference; lastKnownFileType = file.storyboard; name = Base; path = Base.lproj/Main.storyboard; sourceTree = "<group>"; };
		6B1A385B1A75D5A500939A5B /* Images.xcassets */ = {isa = PBXFileReference; lastKnownFileType = folder.assetcatalog; path = Images.xcassets; sourceTree = "<group>"; };
		6B1A385E1A75D5A500939A5B /* Base */ = {isa = PBXFileReference; lastKnownFileType = file.xib; name = Base; path = Base.lproj/LaunchScreen.xib; sourceTree = "<group>"; };
		6B1A38641A75D5A500939A5B /* SwiftCalculatorTests.xctest */ = {isa = PBXFileReference; explicitFileType = wrapper.cfbundle; includeInIndex = 0; path = SwiftCalculatorTests.xctest; sourceTree = BUILT_PRODUCTS_DIR; };
		6B1A38691A75D5A500939A5B /* Info.plist */ = {isa = PBXFileReference; lastKnownFileType = text.plist.xml; path = Info.plist; sourceTree = "<group>"; };
		6B1A386A1A75D5A500939A5B /* SwiftCalculatorTests.swift */ = {isa = PBXFileReference; lastKnownFileType = sourcecode.swift; path = SwiftCalculatorTests.swift; sourceTree = "<group>"; };
/* End PBXFileReference section */

/* Begin PBXFrameworksBuildPhase section */
		6B1A384C1A75D5A500939A5B /* Frameworks */ = {
			isa = PBXFrameworksBuildPhase;
			buildActionMask = 2147483647;
			files = (
			);
			runOnlyForDeploymentPostprocessing = 0;
		};
		6B1A38611A75D5A500939A5B /* Frameworks */ = {
			isa = PBXFrameworksBuildPhase;
			buildActionMask = 2147483647;
			files = (
			);
			runOnlyForDeploymentPostprocessing = 0;
		};
/* End PBXFrameworksBuildPhase section */

/* Begin PBXGroup section */
		6B1A38461A75D5A500939A5B = {
			isa = PBXGroup;
			children = (
				6B1A38511A75D5A500939A5B /* SwiftCalculator */,
				6B1A38671A75D5A500939A5B /* SwiftCalculatorTests */,
				6B1A38501A75D5A500939A5B /* Products */,
			);
			sourceTree = "<group>";
		};
		6B1A38501A75D5A500939A5B /* Products */ = {
			isa = PBXGroup;
			children = (
				6B1A384F1A75D5A500939A5B /* SwiftCalculator.app */,
				6B1A38641A75D5A500939A5B /* SwiftCalculatorTests.xctest */,
			);
			name = Products;
			sourceTree = "<group>";
		};
		6B1A38511A75D5A500939A5B /* SwiftCalculator */ = {
			isa = PBXGroup;
			children = (
				6B1A38541A75D5A500939A5B /* AppDelegate.swift */,
				6B1A38561A75D5A500939A5B /* ViewController.swift */,
				6B1A38581A75D5A500939A5B /* Main.storyboard */,
				6B1A385B1A75D5A500939A5B /* Images.xcassets */,
				6B1A385D1A75D5A500939A5B /* LaunchScreen.xib */,
				6B1A38521A75D5A500939A5B /* Supporting Files */,
			);
			path = SwiftCalculator;
			sourceTree = "<group>";
		};
		6B1A38521A75D5A500939A5B /* Supporting Files */ = {
			isa = PBXGroup;
			children = (
				6B1A38531A75D5A500939A5B /* Info.plist */,
			);
			name = "Supporting Files";
			sourceTree = "<group>";
		};
		6B1A38671A75D5A500939A5B /* SwiftCalculatorTests */ = {
			isa = PBXGroup;
			children = (
				6B1A386A1A75D5A500939A5B /* SwiftCalculatorTests.swift */,
				6B1A38681A75D5A500939A5B /* Supporting Files */,
			);
			path = SwiftCalculatorTests;
			sourceTree = "<group>";
		};
		6B1A38681A75D5A500939A5B /* Supporting Files */ = {
			isa = PBXGroup;
			children = (
				6B1A38691A75D5A500939A5B /* Info.plist */,
			);
			name = "Supporting Files";
			sourceTree = "<group>";
		};
/* End PBXGroup section */

/* Begin PBXNativeTarget section */
		6B1A384E1A75D5A500939A5B /* SwiftCalculator */ = {
			isa = PBXNativeTarget;
			buildConfigurationList = 6B1A386E1A75D5A500939A5B /* Build configuration list for PBXNativeTarget "SwiftCalculator" */;
			buildPhases = (
				6B1A384B1A75D5A500939A5B /* Sources */,
				6B1A384C1A75D5A500939A5B /* Frameworks */,
				6B1A384D1A75D5A500939A5B /* Resources */,
			);
			buildRules = (
			);
			dependencies = (
			);
			name = SwiftCalculator;
			productName = SwiftCalculator;
			productReference = 6B1A384F1A75D5A500939A5B /* SwiftCalculator.app */;
			productType = "com.apple.product-type.application";
		};
		6B1A38631A75D5A500939A5B /* SwiftCalculatorTests */ = {
			isa = PBXNativeTarget;
			buildConfigurationList = 6B1A38711A75D5A500939A5B /* Build configuration list for PBXNativeTarget "SwiftCalculatorTests" */;
			buildPhases = (
				6B1A38601A75D5A500939A5B /* Sources */,
				6B1A38611A75D5A500939A5B /* Frameworks */,
				6B1A38621A75D5A500939A5B /* Resources */,
			);
			buildRules = (
			);
			dependencies = (
				6B1A38661A75D5A500939A5B /* PBXTargetDependency */,
			);
			name = SwiftCalculatorTests;
			productName = SwiftCalculatorTests;
			productReference = 6B1A38641A75D5A500939A5B /* SwiftCalculatorTests.xctest */;
			productType = "com.apple.product-type.bundle.unit-test";
		};
/* End PBXNativeTarget section */

/* Begin PBXProject section */
		6B1A38471A75D5A500939A5B /* Project object */ = {
			isa = PBXProject;
			attributes = {
				LastUpgradeCheck = 0610;
				ORGANIZATIONNAME = "Yasith Vidanaarachchi";
				TargetAttributes = {
					6B1A384E1A75D5A500939A5B = {
						CreatedOnToolsVersion = 6.1.1;
					};
					6B1A38631A75D5A500939A5B = {
						CreatedOnToolsVersion = 6.1.1;
						TestTargetID = 6B1A384E1A75D5A500939A5B;
					};
				};
			};
			buildConfigurationList = 6B1A384A1A75D5A500939A5B /* Build configuration list for PBXProject "SwiftCalculator" */;
			compatibilityVersion = "Xcode 3.2";
			developmentRegion = English;
			hasScannedForEncodings = 0;
			knownRegions = (
				en,
				Base,
			);
			mainGroup = 6B1A38461A75D5A500939A5B;
			productRefGroup = 6B1A38501A75D5A500939A5B /* Products */;
			projectDirPath = "";
			projectRoot = "";
			targets = (
				6B1A384E1A75D5A500939A5B /* SwiftCalculator */,
				6B1A38631A75D5A500939A5B /* SwiftCalculatorTests */,
			);
		};
/* End PBXProject section */

/* Begin PBXResourcesBuildPhase section */
		6B1A384D1A75D5A500939A5B /* Resources */ = {
			isa = PBXResourcesBuildPhase;
			buildActionMask = 2147483647;
			files = (
				6B1A385A1A75D5A500939A5B /* Main.storyboard in Resources */,
				6B1A385F1A75D5A500939A5B /* LaunchScreen.xib in Resources */,
				6B1A385C1A75D5A500939A5B /* Images.xcassets in Resources */,
			);
			runOnlyForDeploymentPostprocessing = 0;
		};
		6B1A38621A75D5A500939A5B /* Resources */ = {
			isa = PBXResourcesBuildPhase;
			buildActionMask = 2147483647;
			files = (
			);
			runOnlyForDeploymentPostprocessing = 0;
		};
/* End PBXResourcesBuildPhase section */

/* Begin PBXSourcesBuildPhase section */
		6B1A384B1A75D5A500939A5B /* Sources */ = {
			isa = PBXSourcesBuildPhase;
			buildActionMask = 2147483647;
			files = (
				6B1A38571A75D5A500939A5B /* ViewController.swift in Sources */,
				6B1A38551A75D5A500939A5B /* AppDelegate.swift in Sources */,
			);
			runOnlyForDeploymentPostprocessing = 0;
		};
		6B1A38601A75D5A500939A5B /* Sources */ = {
			isa = PBXSourcesBuildPhase;
			buildActionMask = 2147483647;
			files = (
				6B1A386B1A75D5A500939A5B /* SwiftCalculatorTests.swift in Sources */,
			);
			runOnlyForDeploymentPostprocessing = 0;
		};
/* End PBXSourcesBuildPhase section */

/* Begin PBXTargetDependency section */
		6B1A38661A75D5A500939A5B /* PBXTargetDependency */ = {
			isa = PBXTargetDependency;
			target = 6B1A384E1A75D5A500939A5B /* SwiftCalculator */;
			targetProxy = 6B1A38651A75D5A500939A5B /* PBXContainerItemProxy */;
		};
/* End PBXTargetDependency section */

/* Begin PBXVariantGroup section */
		6B1A38581A75D5A500939A5B /* Main.storyboard */ = {
			isa = PBXVariantGroup;
			children = (
				6B1A38591A75D5A500939A5B /* Base */,
			);
			name = Main.storyboard;
			sourceTree = "<group>";
		};
		6B1A385D1A75D5A500939A5B /* LaunchScreen.xib */ = {
			isa = PBXVariantGroup;
			children = (
				6B1A385E1A75D5A500939A5B /* Base */,
			);
			name = LaunchScreen.xib;
			sourceTree = "<group>";
		};
/* End PBXVariantGroup section */

/* Begin XCBuildConfiguration section */
		6B1A386C1A75D5A500939A5B /* Debug */ = {
			isa = XCBuildConfiguration;
			buildSettings = {
				ALWAYS_SEARCH_USER_PATHS = NO;
				CLANG_CXX_LANGUAGE_STANDARD = "gnu++0x";
				CLANG_CXX_LIBRARY = "libc++";
				CLANG_ENABLE_MODULES = YES;
				CLANG_ENABLE_OBJC_ARC = YES;
				CLANG_WARN_BOOL_CONVERSION = YES;
				CLANG_WARN_CONSTANT_CONVERSION = YES;
				CLANG_WARN_DIRECT_OBJC_ISA_USAGE = YES_ERROR;
				CLANG_WARN_EMPTY_BODY = YES;
				CLANG_WARN_ENUM_CONVERSION = YES;
				CLANG_WARN_INT_CONVERSION = YES;
				CLANG_WARN_OBJC_ROOT_CLASS = YES_ERROR;
				CLANG_WARN_UNREACHABLE_CODE = YES;
				CLANG_WARN__DUPLICATE_METHOD_MATCH = YES;
				"CODE_SIGN_IDENTITY[sdk=iphoneos*]" = "iPhone Developer";
				COPY_PHASE_STRIP = NO;
				ENABLE_STRICT_OBJC_MSGSEND = YES;
				GCC_C_LANGUAGE_STANDARD = gnu99;
				GCC_DYNAMIC_NO_PIC = NO;
				GCC_OPTIMIZATION_LEVEL = 0;
				GCC_PREPROCESSOR_DEFINITIONS = (
					"DEBUG=1",
					"$(inherited)",
				);
				GCC_SYMBOLS_PRIVATE_EXTERN = NO;
				GCC_WARN_64_TO_32_BIT_CONVERSION = YES;
				GCC_WARN_ABOUT_RETURN_TYPE = YES_ERROR;
				GCC_WARN_UNDECLARED_SELECTOR = YES;
				GCC_WARN_UNINITIALIZED_AUTOS = YES_AGGRESSIVE;
				GCC_WARN_UNUSED_FUNCTION = YES;
				GCC_WARN_UNUSED_VARIABLE = YES;
				IPHONEOS_DEPLOYMENT_TARGET = 8.1;
				MTL_ENABLE_DEBUG_INFO = YES;
				ONLY_ACTIVE_ARCH = YES;
				SDKROOT = iphoneos;
				SWIFT_OPTIMIZATION_LEVEL = "-Onone";
				TARGETED_DEVICE_FAMILY = "1,2";
			};
			name = Debug;
		};
		6B1A386D1A75D5A500939A5B /* Release */ = {
			isa = XCBuildConfiguration;
			buildSettings = {
				ALWAYS_SEARCH_USER_PATHS = NO;
				CLANG_CXX_LANGUAGE_STANDARD = "gnu++0x";
				CLANG_CXX_LIBRARY = "libc++";
				CLANG_ENABLE_MODULES = YES;
				CLANG_ENABLE_OBJC_ARC = YES;
				CLANG_WARN_BOOL_CONVERSION = YES;
				CLANG_WARN_CONSTANT_CONVERSION = YES;
				CLANG_WARN_DIRECT_OBJC_ISA_USAGE = YES_ERROR;
				CLANG_WARN_EMPTY_BODY = YES;
				CLANG_WARN_ENUM_CONVERSION = YES;
				CLANG_WARN_INT_CONVERSION = YES;
				CLANG_WARN_OBJC_ROOT_CLASS = YES_ERROR;
				CLANG_WARN_UNREACHABLE_CODE = YES;
				CLANG_WARN__DUPLICATE_METHOD_MATCH = YES;
				"CODE_SIGN_IDENTITY[sdk=iphoneos*]" = "iPhone Developer";
				COPY_PHASE_STRIP = YES;
				ENABLE_NS_ASSERTIONS = NO;
				ENABLE_STRICT_OBJC_MSGSEND = YES;
				GCC_C_LANGUAGE_STANDARD = gnu99;
				GCC_WARN_64_TO_32_BIT_CONVERSION = YES;
				GCC_WARN_ABOUT_RETURN_TYPE = YES_ERROR;
				GCC_WARN_UNDECLARED_SELECTOR = YES;
				GCC_WARN_UNINITIALIZED_AUTOS = YES_AGGRESSIVE;
				GCC_WARN_UNUSED_FUNCTION = YES;
				GCC_WARN_UNUSED_VARIABLE = YES;
				IPHONEOS_DEPLOYMENT_TARGET = 8.1;
				MTL_ENABLE_DEBUG_INFO = NO;
				SDKROOT = iphoneos;
				TARGETED_DEVICE_FAMILY = "1,2";
				VALIDATE_PRODUCT = YES;
			};
			name = Release;
		};
		6B1A386F1A75D5A500939A5B /* Debug */ = {
			isa = XCBuildConfiguration;
			buildSettings = {
				ASSETCATALOG_COMPILER_APPICON_NAME = AppIcon;
				INFOPLIST_FILE = SwiftCalculator/Info.plist;
				LD_RUNPATH_SEARCH_PATHS = "$(inherited) @executable_path/Frameworks";
				PRODUCT_NAME = "$(TARGET_NAME)";
			};
			name = Debug;
		};
		6B1A38701A75D5A500939A5B /* Release */ = {
			isa = XCBuildConfiguration;
			buildSettings = {
				ASSETCATALOG_COMPILER_APPICON_NAME = AppIcon;
				INFOPLIST_FILE = SwiftCalculator/Info.plist;
				LD_RUNPATH_SEARCH_PATHS = "$(inherited) @executable_path/Frameworks";
				PRODUCT_NAME = "$(TARGET_NAME)";
			};
			name = Release;
		};
		6B1A38721A75D5A500939A5B /* Debug */ = {
			isa = XCBuildConfiguration;
			buildSettings = {
				BUNDLE_LOADER = "$(TEST_HOST)";
				FRAMEWORK_SEARCH_PATHS = (
					"$(SDKROOT)/Developer/Library/Frameworks",
					"$(inherited)",
				);
				GCC_PREPROCESSOR_DEFINITIONS = (
					"DEBUG=1",
					"$(inherited)",
				);
				INFOPLIST_FILE = SwiftCalculatorTests/Info.plist;
				LD_RUNPATH_SEARCH_PATHS = "$(inherited) @executable_path/Frameworks @loader_path/Frameworks";
				PRODUCT_NAME = "$(TARGET_NAME)";
				TEST_HOST = "$(BUILT_PRODUCTS_DIR)/SwiftCalculator.app/SwiftCalculator";
			};
			name = Debug;
		};
		6B1A38731A75D5A500939A5B /* Release */ = {
			isa = XCBuildConfiguration;
			buildSettings = {
				BUNDLE_LOADER = "$(TEST_HOST)";
				FRAMEWORK_SEARCH_PATHS = (
					"$(SDKROOT)/Developer/Library/Frameworks",
					"$(inherited)",
				);
				INFOPLIST_FILE = SwiftCalculatorTests/Info.plist;
				LD_RUNPATH_SEARCH_PATHS = "$(inherited) @executable_path/Frameworks @loader_path/Frameworks";
				PRODUCT_NAME = "$(TARGET_NAME)";
				TEST_HOST = "$(BUILT_PRODUCTS_DIR)/SwiftCalculator.app/SwiftCalculator";
			};
			name = Release;
		};
/* End XCBuildConfiguration section */

/* Begin XCConfigurationList section */
		6B1A384A1A75D5A500939A5B /* Build configuration list for PBXProject "SwiftCalculator" */ = {
			isa = XCConfigurationList;
			buildConfigurations = (
				6B1A386C1A75D5A500939A5B /* Debug */,
				6B1A386D1A75D5A500939A5B /* Release */,
			);
			defaultConfigurationIsVisible = 0;
			defaultConfigurationName = Release;
		};
		6B1A386E1A75D5A500939A5B /* Build configuration list for PBXNativeTarget "SwiftCalculator" */ = {
			isa = XCConfigurationList;
			buildConfigurations = (
				6B1A386F1A75D5A500939A5B /* Debug */,
				6B1A38701A75D5A500939A5B /* Release */,
			);
			defaultConfigurationIsVisible = 0;
		};
		6B1A38711A75D5A500939A5B /* Build configuration list for PBXNativeTarget "SwiftCalculatorTests" */ = {
			isa = XCConfigurationList;
			buildConfigurations = (
				6B1A38721A75D5A500939A5B /* Debug */,
				6B1A38731A75D5A500939A5B /* Release */,
			);
			defaultConfigurationIsVisible = 0;
		};
/* End XCConfigurationList section */
	};
	rootObject = 6B1A38471A75D5A500939A5B /* Project object */;
}
